Microsoft Visual Studio Solution File, Format Version 11.00
# Visual Studio 2008

Project("{805B7637-5B71-2A76-0A24-7AC5BF666134}") = "Unity Terrain Project ( Shader-Test )", "Assembly-CSharp.csproj", "{84F43D95-605D-7811-E92F-3E3B24CDD6F8}"
EndProject
Global
	GlobalSection(SolutionConfigurationPlatforms) = preSolution
		Debug|Any CPU = Debug|Any CPU
		Release|Any CPU = Release|Any CPU
	EndGlobalSection
	GlobalSection(ProjectConfigurationPlatforms) = postSolution
		{84F43D95-605D-7811-E92F-3E3B24CDD6F8}.Debug|Any CPU.ActiveCfg = Debug|Any CPU
		{84F43D95-605D-7811-E92F-3E3B24CDD6F8}.Debug|Any CPU.Build.0 = Debug|Any CPU
		{84F43D95-605D-7811-E92F-3E3B24CDD6F8}.Release|Any CPU.ActiveCfg = Release|Any CPU
		{84F43D95-605D-7811-E92F-3E3B24CDD6F8}.Release|Any CPU.Build.0 = Release|Any CPU
	EndGlobalSection
	GlobalSection(SolutionProperties) = preSolution
		HideSolutionNode = FALSE
	EndGlobalSection
	GlobalSection(MonoDevelopProperties) = preSolution
		StartupItem = Assembly-CSharp.csproj
	EndGlobalSection
EndGlobal
